{
    "name": "astal-shell",
    "lockfileVersion": 3,
    "requires": true,
    "packages": {
        "": {
            "name": "astal-shell",
            "dependencies": {
                "astal": "/home/matt/.local/share/ags"
            }
        },
        "../../../../../home/matt/.local/share/ags": {
            "name": "astal",
            "license": "LGPL-2.1"
        },
        "node_modules/astal": {
            "resolved": "../../../../../home/matt/.local/share/ags",
            "link": true
        }
    }
}
